
Microsoft Visual Studio Solution File, Format Version 12.00
# Visual Studio Version 16
VisualStudioVersion = 16.0.32630.194
MinimumVisualStudioVersion = 10.0.40219.1
Project("{FAE04EC0-301F-11D3-BF4B-00C04F79EFBC}") = "JWT_UsingDatabase", "JWT_UsingDatabase\JWT_UsingDatabase.csproj", "{BC049DAA-AD7E-4500-9066-0FFAE0F02B4A}"
EndProject
Global
	GlobalSection(SolutionConfigurationPlatforms) = preSolution
		Debug|Any CPU = Debug|Any CPU
		Release|Any CPU = Release|Any CPU
	EndGlobalSection
	GlobalSection(ProjectConfigurationPlatforms) = postSolution
		{BC049DAA-AD7E-4500-9066-0FFAE0F02B4A}.Debug|Any CPU.ActiveCfg = Debug|Any CPU
		{BC049DAA-AD7E-4500-9066-0FFAE0F02B4A}.Debug|Any CPU.Build.0 = Debug|Any CPU
		{BC049DAA-AD7E-4500-9066-0FFAE0F02B4A}.Release|Any CPU.ActiveCfg = Release|Any CPU
		{BC049DAA-AD7E-4500-9066-0FFAE0F02B4A}.Release|Any CPU.Build.0 = Release|Any CPU
	EndGlobalSection
	GlobalSection(SolutionProperties) = preSolution
		HideSolutionNode = FALSE
	EndGlobalSection
	GlobalSection(ExtensibilityGlobals) = postSolution
		SolutionGuid = {0933DFC0-0E65-41BD-BDDF-95C821F72217}
	EndGlobalSection
EndGlobal
